// !$*UTF8*$!
{
	archiveVersion = 1;
	classes = {
	};
	objectVersion = 50;
	objects = {

/* Begin PBXBuildFile section */
		A75B72E0234770300094206D /* AppDelegate.swift in Sources */ = {isa = PBXBuildFile; fileRef = A75B72DF234770300094206D /* AppDelegate.swift */; };
		A75B72E2234770300094206D /* SceneDelegate.swift in Sources */ = {isa = PBXBuildFile; fileRef = A75B72E1234770300094206D /* SceneDelegate.swift */; };
		A75B72E4234770300094206D /* ViewController.swift in Sources */ = {isa = PBXBuildFile; fileRef = A75B72E3234770300094206D /* ViewController.swift */; };
		A75B72E7234770300094206D /* Main.storyboard in Resources */ = {isa = PBXBuildFile; fileRef = A75B72E5234770300094206D /* Main.storyboard */; };
		A75B72EA234770300094206D /* CarDirectory2.xcdatamodeld in Sources */ = {isa = PBXBuildFile; fileRef = A75B72E8234770300094206D /* CarDirectory2.xcdatamodeld */; };
		A75B72EC234770320094206D /* Assets.xcassets in Resources */ = {isa = PBXBuildFile; fileRef = A75B72EB234770320094206D /* Assets.xcassets */; };
		A75B72EF234770320094206D /* LaunchScreen.storyboard in Resources */ = {isa = PBXBuildFile; fileRef = A75B72ED234770320094206D /* LaunchScreen.storyboard */; };
/* End PBXBuildFile section */

/* Begin PBXFileReference section */
		A75B72DC234770300094206D /* CarDirectory2.app */ = {isa = PBXFileReference; explicitFileType = wrapper.application; includeInIndex = 0; path = CarDirectory2.app; sourceTree = BUILT_PRODUCTS_DIR; };
		A75B72DF234770300094206D /* AppDelegate.swift */ = {isa = PBXFileReference; lastKnownFileType = sourcecode.swift; path = AppDelegate.swift; sourceTree = "<group>"; };
		A75B72E1234770300094206D /* SceneDelegate.swift */ = {isa = PBXFileReference; lastKnownFileType = sourcecode.swift; path = SceneDelegate.swift; sourceTree = "<group>"; };
		A75B72E3234770300094206D /* ViewController.swift */ = {isa = PBXFileReference; lastKnownFileType = sourcecode.swift; path = ViewController.swift; sourceTree = "<group>"; };
		A75B72E6234770300094206D /* Base */ = {isa = PBXFileReference; lastKnownFileType = file.storyboard; name = Base; path = Base.lproj/Main.storyboard; sourceTree = "<group>"; };
		A75B72E9234770300094206D /* CarDirectory2.xcdatamodel */ = {isa = PBXFileReference; lastKnownFileType = wrapper.xcdatamodel; path = CarDirectory2.xcdatamodel; sourceTree = "<group>"; };
		A75B72EB234770320094206D /* Assets.xcassets */ = {isa = PBXFileReference; lastKnownFileType = folder.assetcatalog; path = Assets.xcassets; sourceTree = "<group>"; };
		A75B72EE234770320094206D /* Base */ = {isa = PBXFileReference; lastKnownFileType = file.storyboard; name = Base; path = Base.lproj/LaunchScreen.storyboard; sourceTree = "<group>"; };
		A75B72F0234770320094206D /* Info.plist */ = {isa = PBXFileReference; lastKnownFileType = text.plist.xml; path = Info.plist; sourceTree = "<group>"; };
/* End PBXFileReference section */

/* Begin PBXFrameworksBuildPhase section */
		A75B72D9234770300094206D /* Frameworks */ = {
			isa = PBXFrameworksBuildPhase;
			buildActionMask = 2147483647;
			files = (
			);
			runOnlyForDeploymentPostprocessing = 0;
		};
/* End PBXFrameworksBuildPhase section */

/* Begin PBXGroup section */
		A75B72D3234770300094206D = {
			isa = PBXGroup;
			children = (
				A75B72DE234770300094206D /* CarDirectory2 */,
				A75B72DD234770300094206D /* Products */,
			);
			sourceTree = "<group>";
		};
		A75B72DD234770300094206D /* Products */ = {
			isa = PBXGroup;
			children = (
				A75B72DC234770300094206D /* CarDirectory2.app */,
			);
			name = Products;
			sourceTree = "<group>";
		};
		A75B72DE234770300094206D /* CarDirectory2 */ = {
			isa = PBXGroup;
			children = (
				A75B72DF234770300094206D /* AppDelegate.swift */,
				A75B72E1234770300094206D /* SceneDelegate.swift */,
				A75B72E3234770300094206D /* ViewController.swift */,
				A75B72E5234770300094206D /* Main.storyboard */,
				A75B72EB234770320094206D /* Assets.xcassets */,
				A75B72ED234770320094206D /* LaunchScreen.storyboard */,
				A75B72F0234770320094206D /* Info.plist */,
				A75B72E8234770300094206D /* CarDirectory2.xcdatamodeld */,
			);
			path = CarDirectory2;
			sourceTree = "<group>";
		};
/* End PBXGroup section */

/* Begin PBXNativeTarget section */
		A75B72DB234770300094206D /* CarDirectory2 */ = {
			isa = PBXNativeTarget;
			buildConfigurationList = A75B72F3234770320094206D /* Build configuration list for PBXNativeTarget "CarDirectory2" */;
			buildPhases = (
				A75B72D8234770300094206D /* Sources */,
				A75B72D9234770300094206D /* Frameworks */,
				A75B72DA234770300094206D /* Resources */,
			);
			buildRules = (
			);
			dependencies = (
			);
			name = CarDirectory2;
			productName = CarDirectory2;
			productReference = A75B72DC234770300094206D /* CarDirectory2.app */;
			productType = "com.apple.product-type.application";
		};
/* End PBXNativeTarget section */

/* Begin PBXProject section */
		A75B72D4234770300094206D /* Project object */ = {
			isa = PBXProject;
			attributes = {
				LastSwiftUpdateCheck = 1100;
				LastUpgradeCheck = 1100;
				ORGANIZATIONNAME = "Valentina Abramova";
				TargetAttributes = {
					A75B72DB234770300094206D = {
						CreatedOnToolsVersion = 11.0;
					};
				};
			};
			buildConfigurationList = A75B72D7234770300094206D /* Build configuration list for PBXProject "CarDirectory2" */;
			compatibilityVersion = "Xcode 9.3";
			developmentRegion = en;
			hasScannedForEncodings = 0;
			knownRegions = (
				en,
				Base,
			);
			mainGroup = A75B72D3234770300094206D;
			productRefGroup = A75B72DD234770300094206D /* Products */;
			projectDirPath = "";
			projectRoot = "";
			targets = (
				A75B72DB234770300094206D /* CarDirectory2 */,
			);
		};
/* End PBXProject section */

/* Begin PBXResourcesBuildPhase section */
		A75B72DA234770300094206D /* Resources */ = {
			isa = PBXResourcesBuildPhase;
			buildActionMask = 2147483647;
			files = (
				A75B72EF234770320094206D /* LaunchScreen.storyboard in Resources */,
				A75B72EC234770320094206D /* Assets.xcassets in Resources */,
				A75B72E7234770300094206D /* Main.storyboard in Resources */,
			);
			runOnlyForDeploymentPostprocessing = 0;
		};
/* End PBXResourcesBuildPhase section */

/* Begin PBXSourcesBuildPhase section */
		A75B72D8234770300094206D /* Sources */ = {
			isa = PBXSourcesBuildPhase;
			buildActionMask = 2147483647;
			files = (
				A75B72E4234770300094206D /* ViewController.swift in Sources */,
				A75B72E0234770300094206D /* AppDelegate.swift in Sources */,
				A75B72E2234770300094206D /* SceneDelegate.swift in Sources */,
				A75B72EA234770300094206D /* CarDirectory2.xcdatamodeld in Sources */,
			);
			runOnlyForDeploymentPostprocessing = 0;
		};
/* End PBXSourcesBuildPhase section */

/* Begin PBXVariantGroup section */
		A75B72E5234770300094206D /* Main.storyboard */ = {
			isa = PBXVariantGroup;
			children = (
				A75B72E6234770300094206D /* Base */,
			);
			name = Main.storyboard;
			sourceTree = "<group>";
		};
		A75B72ED234770320094206D /* LaunchScreen.storyboard */ = {
			isa = PBXVariantGroup;
			children = (
				A75B72EE234770320094206D /* Base */,
			);
			name = LaunchScreen.storyboard;
			sourceTree = "<group>";
		};
/* End PBXVariantGroup section */

/* Begin XCBuildConfiguration section */
		A75B72F1234770320094206D /* Debug */ = {
			isa = XCBuildConfiguration;
			buildSettings = {
				ALWAYS_SEARCH_USER_PATHS = NO;
				CLANG_ANALYZER_NONNULL = YES;
				CLANG_ANALYZER_NUMBER_OBJECT_CONVERSION = YES_AGGRESSIVE;
				CLANG_CXX_LANGUAGE_STANDARD = "gnu++14";
				CLANG_CXX_LIBRARY = "libc++";
				CLANG_ENABLE_MODULES = YES;
				CLANG_ENABLE_OBJC_ARC = YES;
				CLANG_ENABLE_OBJC_WEAK = YES;
				CLANG_WARN_BLOCK_CAPTURE_AUTORELEASING = YES;
				CLANG_WARN_BOOL_CONVERSION = YES;
				CLANG_WARN_COMMA = YES;
				CLANG_WARN_CONSTANT_CONVERSION = YES;
				CLANG_WARN_DEPRECATED_OBJC_IMPLEMENTATIONS = YES;
				CLANG_WARN_DIRECT_OBJC_ISA_USAGE = YES_ERROR;
				CLANG_WARN_DOCUMENTATION_COMMENTS = YES;
				CLANG_WARN_EMPTY_BODY = YES;
				CLANG_WARN_ENUM_CONVERSION = YES;
				CLANG_WARN_INFINITE_RECURSION = YES;
				CLANG_WARN_INT_CONVERSION = YES;
				CLANG_WARN_NON_LITERAL_NULL_CONVERSION = YES;
				CLANG_WARN_OBJC_IMPLICIT_RETAIN_SELF = YES;
				CLANG_WARN_OBJC_LITERAL_CONVERSION = YES;
				CLANG_WARN_OBJC_ROOT_CLASS = YES_ERROR;
				CLANG_WARN_RANGE_LOOP_ANALYSIS = YES;
				CLANG_WARN_STRICT_PROTOTYPES = YES;
				CLANG_WARN_SUSPICIOUS_MOVE = YES;
				CLANG_WARN_UNGUARDED_AVAILABILITY = YES_AGGRESSIVE;
				CLANG_WARN_UNREACHABLE_CODE = YES;
				CLANG_WARN__DUPLICATE_METHOD_MATCH = YES;
				COPY_PHASE_STRIP = NO;
				DEBUG_INFORMATION_FORMAT = dwarf;
				ENABLE_STRICT_OBJC_MSGSEND = YES;
				ENABLE_TESTABILITY = YES;
				GCC_C_LANGUAGE_STANDARD = gnu11;
				GCC_DYNAMIC_NO_PIC = NO;
				GCC_NO_COMMON_BLOCKS = YES;
				GCC_OPTIMIZATION_LEVEL = 0;
				GCC_PREPROCESSOR_DEFINITIONS = (
					"DEBUG=1",
					"$(inherited)",
				);
				GCC_WARN_64_TO_32_BIT_CONVERSION = YES;
				GCC_WARN_ABOUT_RETURN_TYPE = YES_ERROR;
				GCC_WARN_UNDECLARED_SELECTOR = YES;
				GCC_WARN_UNINITIALIZED_AUTOS = YES_AGGRESSIVE;
				GCC_WARN_UNUSED_FUNCTION = YES;
				GCC_WARN_UNUSED_VARIABLE = YES;
				IPHONEOS_DEPLOYMENT_TARGET = 13.0;
				MTL_ENABLE_DEBUG_INFO = INCLUDE_SOURCE;
				MTL_FAST_MATH = YES;
				ONLY_ACTIVE_ARCH = YES;
				SDKROOT = iphoneos;
				SWIFT_ACTIVE_COMPILATION_CONDITIONS = DEBUG;
				SWIFT_OPTIMIZATION_LEVEL = "-Onone";
			};
			name = Debug;
		};
		A75B72F2234770320094206D /* Release */ = {
			isa = XCBuildConfiguration;
			buildSettings = {
				ALWAYS_SEARCH_USER_PATHS = NO;
				CLANG_ANALYZER_NONNULL = YES;
				CLANG_ANALYZER_NUMBER_OBJECT_CONVERSION = YES_AGGRESSIVE;
				CLANG_CXX_LANGUAGE_STANDARD = "gnu++14";
				CLANG_CXX_LIBRARY = "libc++";
				CLANG_ENABLE_MODULES = YES;
				CLANG_ENABLE_OBJC_ARC = YES;
				CLANG_ENABLE_OBJC_WEAK = YES;
				CLANG_WARN_BLOCK_CAPTURE_AUTORELEASING = YES;
				CLANG_WARN_BOOL_CONVERSION = YES;
				CLANG_WARN_COMMA = YES;
				CLANG_WARN_CONSTANT_CONVERSION = YES;
				CLANG_WARN_DEPRECATED_OBJC_IMPLEMENTATIONS = YES;
				CLANG_WARN_DIRECT_OBJC_ISA_USAGE = YES_ERROR;
				CLANG_WARN_DOCUMENTATION_COMMENTS = YES;
				CLANG_WARN_EMPTY_BODY = YES;
				CLANG_WARN_ENUM_CONVERSION = YES;
				CLANG_WARN_INFINITE_RECURSION = YES;
				CLANG_WARN_INT_CONVERSION = YES;
				CLANG_WARN_NON_LITERAL_NULL_CONVERSION = YES;
				CLANG_WARN_OBJC_IMPLICIT_RETAIN_SELF = YES;
				CLANG_WARN_OBJC_LITERAL_CONVERSION = YES;
				CLANG_WARN_OBJC_ROOT_CLASS = YES_ERROR;
				CLANG_WARN_RANGE_LOOP_ANALYSIS = YES;
				CLANG_WARN_STRICT_PROTOTYPES = YES;
				CLANG_WARN_SUSPICIOUS_MOVE = YES;
				CLANG_WARN_UNGUARDED_AVAILABILITY = YES_AGGRESSIVE;
				CLANG_WARN_UNREACHABLE_CODE = YES;
				CLANG_WARN__DUPLICATE_METHOD_MATCH = YES;
				COPY_PHASE_STRIP = NO;
				DEBUG_INFORMATION_FORMAT = "dwarf-with-dsym";
				ENABLE_NS_ASSERTIONS = NO;
				ENABLE_STRICT_OBJC_MSGSEND = YES;
				GCC_C_LANGUAGE_STANDARD = gnu11;
				GCC_NO_COMMON_BLOCKS = YES;
				GCC_WARN_64_TO_32_BIT_CONVERSION = YES;
				GCC_WARN_ABOUT_RETURN_TYPE = YES_ERROR;
				GCC_WARN_UNDECLARED_SELECTOR = YES;
				GCC_WARN_UNINITIALIZED_AUTOS = YES_AGGRESSIVE;
				GCC_WARN_UNUSED_FUNCTION = YES;
				GCC_WARN_UNUSED_VARIABLE = YES;
				IPHONEOS_DEPLOYMENT_TARGET = 13.0;
				MTL_ENABLE_DEBUG_INFO = NO;
				MTL_FAST_MATH = YES;
				SDKROOT = iphoneos;
				SWIFT_COMPILATION_MODE = wholemodule;
				SWIFT_OPTIMIZATION_LEVEL = "-O";
				VALIDATE_PRODUCT = YES;
			};
			name = Release;
		};
		A75B72F4234770320094206D /* Debug */ = {
			isa = XCBuildConfiguration;
			buildSettings = {
				ASSETCATALOG_COMPILER_APPICON_NAME = AppIcon;
				CODE_SIGN_STYLE = Automatic;
				DEVELOPMENT_TEAM = XJ45PTT4WB;
				INFOPLIST_FILE = CarDirectory2/Info.plist;
				LD_RUNPATH_SEARCH_PATHS = (
					"$(inherited)",
					"@executable_path/Frameworks",
				);
				PRODUCT_BUNDLE_IDENTIFIER = ru.ayavalya.CarDirectory2;
				PRODUCT_NAME = "$(TARGET_NAME)";
				SWIFT_VERSION = 5.0;
				TARGETED_DEVICE_FAMILY = "1,2";
			};
			name = Debug;
		};
		A75B72F5234770320094206D /* Release */ = {
			isa = XCBuildConfiguration;
			buildSettings = {
				ASSETCATALOG_COMPILER_APPICON_NAME = AppIcon;
				CODE_SIGN_STYLE = Automatic;
				DEVELOPMENT_TEAM = XJ45PTT4WB;
				INFOPLIST_FILE = CarDirectory2/Info.plist;
				LD_RUNPATH_SEARCH_PATHS = (
					"$(inherited)",
					"@executable_path/Frameworks",
				);
				PRODUCT_BUNDLE_IDENTIFIER = ru.ayavalya.CarDirectory2;
				PRODUCT_NAME = "$(TARGET_NAME)";
				SWIFT_VERSION = 5.0;
				TARGETED_DEVICE_FAMILY = "1,2";
			};
			name = Release;
		};
/* End XCBuildConfiguration section */

/* Begin XCConfigurationList section */
		A75B72D7234770300094206D /* Build configuration list for PBXProject "CarDirectory2" */ = {
			isa = XCConfigurationList;
			buildConfigurations = (
				A75B72F1234770320094206D /* Debug */,
				A75B72F2234770320094206D /* Release */,
			);
			defaultConfigurationIsVisible = 0;
			defaultConfigurationName = Release;
		};
		A75B72F3234770320094206D /* Build configuration list for PBXNativeTarget "CarDirectory2" */ = {
			isa = XCConfigurationList;
			buildConfigurations = (
				A75B72F4234770320094206D /* Debug */,
				A75B72F5234770320094206D /* Release */,
			);
			defaultConfigurationIsVisible = 0;
			defaultConfigurationName = Release;
		};
/* End XCConfigurationList section */

/* Begin XCVersionGroup section */
		A75B72E8234770300094206D /* CarDirectory2.xcdatamodeld */ = {
			isa = XCVersionGroup;
			children = (
				A75B72E9234770300094206D /* CarDirectory2.xcdatamodel */,
			);
			currentVersion = A75B72E9234770300094206D /* CarDirectory2.xcdatamodel */;
			path = CarDirectory2.xcdatamodeld;
			sourceTree = "<group>";
			versionGroupType = wrapper.xcdatamodel;
		};
/* End XCVersionGroup section */
	};
	rootObject = A75B72D4234770300094206D /* Project object */;
}
